// !$*UTF8*$!
{
	archiveVersion = 1;
	classes = {
	};
	objectVersion = 46;
	objects = {

/* Begin PBXBuildFile section */
		D709C14E1D41212A00B083EB /* 3.mp3 in Resources */ = {isa = PBXBuildFile; fileRef = D709C14D1D41212A00B083EB /* 3.mp3 */; };
		D75F2B281D3545E70005FBF8 /* AppDelegate.swift in Sources */ = {isa = PBXBuildFile; fileRef = D75F2B271D3545E70005FBF8 /* AppDelegate.swift */; };
		D75F2B2A1D3545E70005FBF8 /* ViewController.swift in Sources */ = {isa = PBXBuildFile; fileRef = D75F2B291D3545E70005FBF8 /* ViewController.swift */; };
		D75F2B2D1D3545E70005FBF8 /* Main.storyboard in Resources */ = {isa = PBXBuildFile; fileRef = D75F2B2B1D3545E70005FBF8 /* Main.storyboard */; };
		D75F2B2F1D3545E70005FBF8 /* Assets.xcassets in Resources */ = {isa = PBXBuildFile; fileRef = D75F2B2E1D3545E70005FBF8 /* Assets.xcassets */; };
		D75F2B321D3545E70005FBF8 /* LaunchScreen.storyboard in Resources */ = {isa = PBXBuildFile; fileRef = D75F2B301D3545E70005FBF8 /* LaunchScreen.storyboard */; };
		D75F2B3D1D3545E70005FBF8 /* calculatorTests.swift in Sources */ = {isa = PBXBuildFile; fileRef = D75F2B3C1D3545E70005FBF8 /* calculatorTests.swift */; };
		D75F2B481D3545E70005FBF8 /* calculatorUITests.swift in Sources */ = {isa = PBXBuildFile; fileRef = D75F2B471D3545E70005FBF8 /* calculatorUITests.swift */; };
		D7803EF21D37DE9D0099B6FB /* 0.mp3 in Resources */ = {isa = PBXBuildFile; fileRef = D7803EF01D37DE9D0099B6FB /* 0.mp3 */; };
		D7803EF31D37DE9D0099B6FB /* 1.mp3 in Resources */ = {isa = PBXBuildFile; fileRef = D7803EF11D37DE9D0099B6FB /* 1.mp3 */; };
		D7EE4D9A1D3FC83500761EDA /* 2.mp3 in Resources */ = {isa = PBXBuildFile; fileRef = D7EE4D991D3FC83500761EDA /* 2.mp3 */; };
/* End PBXBuildFile section */

/* Begin PBXContainerItemProxy section */
		D75F2B391D3545E70005FBF8 /* PBXContainerItemProxy */ = {
			isa = PBXContainerItemProxy;
			containerPortal = D75F2B1C1D3545E70005FBF8 /* Project object */;
			proxyType = 1;
			remoteGlobalIDString = D75F2B231D3545E70005FBF8;
			remoteInfo = calculator;
		};
		D75F2B441D3545E70005FBF8 /* PBXContainerItemProxy */ = {
			isa = PBXContainerItemProxy;
			containerPortal = D75F2B1C1D3545E70005FBF8 /* Project object */;
			proxyType = 1;
			remoteGlobalIDString = D75F2B231D3545E70005FBF8;
			remoteInfo = calculator;
		};
/* End PBXContainerItemProxy section */

/* Begin PBXFileReference section */
		D709C14D1D41212A00B083EB /* 3.mp3 */ = {isa = PBXFileReference; lastKnownFileType = audio.mp3; name = 3.mp3; path = Assets.xcassets/3.mp3; sourceTree = "<group>"; };
		D75F2B241D3545E70005FBF8 /* calculator.app */ = {isa = PBXFileReference; explicitFileType = wrapper.application; includeInIndex = 0; path = calculator.app; sourceTree = BUILT_PRODUCTS_DIR; };
		D75F2B271D3545E70005FBF8 /* AppDelegate.swift */ = {isa = PBXFileReference; lastKnownFileType = sourcecode.swift; path = AppDelegate.swift; sourceTree = "<group>"; };
		D75F2B291D3545E70005FBF8 /* ViewController.swift */ = {isa = PBXFileReference; lastKnownFileType = sourcecode.swift; path = ViewController.swift; sourceTree = "<group>"; };
		D75F2B2C1D3545E70005FBF8 /* Base */ = {isa = PBXFileReference; lastKnownFileType = file.storyboard; name = Base; path = Base.lproj/Main.storyboard; sourceTree = "<group>"; };
		D75F2B2E1D3545E70005FBF8 /* Assets.xcassets */ = {isa = PBXFileReference; lastKnownFileType = folder.assetcatalog; path = Assets.xcassets; sourceTree = "<group>"; };
		D75F2B311D3545E70005FBF8 /* Base */ = {isa = PBXFileReference; lastKnownFileType = file.storyboard; name = Base; path = Base.lproj/LaunchScreen.storyboard; sourceTree = "<group>"; };
		D75F2B331D3545E70005FBF8 /* Info.plist */ = {isa = PBXFileReference; lastKnownFileType = text.plist.xml; path = Info.plist; sourceTree = "<group>"; };
		D75F2B381D3545E70005FBF8 /* calculatorTests.xctest */ = {isa = PBXFileReference; explicitFileType = wrapper.cfbundle; includeInIndex = 0; path = calculatorTests.xctest; sourceTree = BUILT_PRODUCTS_DIR; };
		D75F2B3C1D3545E70005FBF8 /* calculatorTests.swift */ = {isa = PBXFileReference; lastKnownFileType = sourcecode.swift; path = calculatorTests.swift; sourceTree = "<group>"; };
		D75F2B3E1D3545E70005FBF8 /* Info.plist */ = {isa = PBXFileReference; lastKnownFileType = text.plist.xml; path = Info.plist; sourceTree = "<group>"; };
		D75F2B431D3545E70005FBF8 /* calculatorUITests.xctest */ = {isa = PBXFileReference; explicitFileType = wrapper.cfbundle; includeInIndex = 0; path = calculatorUITests.xctest; sourceTree = BUILT_PRODUCTS_DIR; };
		D75F2B471D3545E70005FBF8 /* calculatorUITests.swift */ = {isa = PBXFileReference; lastKnownFileType = sourcecode.swift; path = calculatorUITests.swift; sourceTree = "<group>"; };
		D75F2B491D3545E70005FBF8 /* Info.plist */ = {isa = PBXFileReference; lastKnownFileType = text.plist.xml; path = Info.plist; sourceTree = "<group>"; };
		D7803EF01D37DE9D0099B6FB /* 0.mp3 */ = {isa = PBXFileReference; lastKnownFileType = audio.mp3; name = 0.mp3; path = Assets.xcassets/0.mp3; sourceTree = "<group>"; };
		D7803EF11D37DE9D0099B6FB /* 1.mp3 */ = {isa = PBXFileReference; lastKnownFileType = audio.mp3; name = 1.mp3; path = Assets.xcassets/1.mp3; sourceTree = "<group>"; };
		D7EE4D991D3FC83500761EDA /* 2.mp3 */ = {isa = PBXFileReference; lastKnownFileType = audio.mp3; name = 2.mp3; path = Assets.xcassets/2.mp3; sourceTree = "<group>"; };
/* End PBXFileReference section */

/* Begin PBXFrameworksBuildPhase section */
		D75F2B211D3545E70005FBF8 /* Frameworks */ = {
			isa = PBXFrameworksBuildPhase;
			buildActionMask = 2147483647;
			files = (
			);
			runOnlyForDeploymentPostprocessing = 0;
		};
		D75F2B351D3545E70005FBF8 /* Frameworks */ = {
			isa = PBXFrameworksBuildPhase;
			buildActionMask = 2147483647;
			files = (
			);
			runOnlyForDeploymentPostprocessing = 0;
		};
		D75F2B401D3545E70005FBF8 /* Frameworks */ = {
			isa = PBXFrameworksBuildPhase;
			buildActionMask = 2147483647;
			files = (
			);
			runOnlyForDeploymentPostprocessing = 0;
		};
/* End PBXFrameworksBuildPhase section */

/* Begin PBXGroup section */
		D75F2B1B1D3545E70005FBF8 = {
			isa = PBXGroup;
			children = (
				D75F2B261D3545E70005FBF8 /* calculator */,
				D75F2B3B1D3545E70005FBF8 /* calculatorTests */,
				D75F2B461D3545E70005FBF8 /* calculatorUITests */,
				D75F2B251D3545E70005FBF8 /* Products */,
			);
			sourceTree = "<group>";
		};
		D75F2B251D3545E70005FBF8 /* Products */ = {
			isa = PBXGroup;
			children = (
				D75F2B241D3545E70005FBF8 /* calculator.app */,
				D75F2B381D3545E70005FBF8 /* calculatorTests.xctest */,
				D75F2B431D3545E70005FBF8 /* calculatorUITests.xctest */,
			);
			name = Products;
			sourceTree = "<group>";
		};
		D75F2B261D3545E70005FBF8 /* calculator */ = {
			isa = PBXGroup;
			children = (
				D75F2B271D3545E70005FBF8 /* AppDelegate.swift */,
				D75F2B291D3545E70005FBF8 /* ViewController.swift */,
				D7803EF01D37DE9D0099B6FB /* 0.mp3 */,
				D7803EF11D37DE9D0099B6FB /* 1.mp3 */,
				D7EE4D991D3FC83500761EDA /* 2.mp3 */,
				D709C14D1D41212A00B083EB /* 3.mp3 */,
				D75F2B2B1D3545E70005FBF8 /* Main.storyboard */,
				D75F2B2E1D3545E70005FBF8 /* Assets.xcassets */,
				D75F2B301D3545E70005FBF8 /* LaunchScreen.storyboard */,
				D75F2B331D3545E70005FBF8 /* Info.plist */,
			);
			path = calculator;
			sourceTree = "<group>";
		};
		D75F2B3B1D3545E70005FBF8 /* calculatorTests */ = {
			isa = PBXGroup;
			children = (
				D75F2B3C1D3545E70005FBF8 /* calculatorTests.swift */,
				D75F2B3E1D3545E70005FBF8 /* Info.plist */,
			);
			path = calculatorTests;
			sourceTree = "<group>";
		};
		D75F2B461D3545E70005FBF8 /* calculatorUITests */ = {
			isa = PBXGroup;
			children = (
				D75F2B471D3545E70005FBF8 /* calculatorUITests.swift */,
				D75F2B491D3545E70005FBF8 /* Info.plist */,
			);
			path = calculatorUITests;
			sourceTree = "<group>";
		};
/* End PBXGroup section */

/* Begin PBXNativeTarget section */
		D75F2B231D3545E70005FBF8 /* calculator */ = {
			isa = PBXNativeTarget;
			buildConfigurationList = D75F2B4C1D3545E70005FBF8 /* Build configuration list for PBXNativeTarget "calculator" */;
			buildPhases = (
				D75F2B201D3545E70005FBF8 /* Sources */,
				D75F2B211D3545E70005FBF8 /* Frameworks */,
				D75F2B221D3545E70005FBF8 /* Resources */,
			);
			buildRules = (
			);
			dependencies = (
			);
			name = calculator;
			productName = calculator;
			productReference = D75F2B241D3545E70005FBF8 /* calculator.app */;
			productType = "com.apple.product-type.application";
		};
		D75F2B371D3545E70005FBF8 /* calculatorTests */ = {
			isa = PBXNativeTarget;
			buildConfigurationList = D75F2B4F1D3545E70005FBF8 /* Build configuration list for PBXNativeTarget "calculatorTests" */;
			buildPhases = (
				D75F2B341D3545E70005FBF8 /* Sources */,
				D75F2B351D3545E70005FBF8 /* Frameworks */,
				D75F2B361D3545E70005FBF8 /* Resources */,
			);
			buildRules = (
			);
			dependencies = (
				D75F2B3A1D3545E70005FBF8 /* PBXTargetDependency */,
			);
			name = calculatorTests;
			productName = calculatorTests;
			productReference = D75F2B381D3545E70005FBF8 /* calculatorTests.xctest */;
			productType = "com.apple.product-type.bundle.unit-test";
		};
		D75F2B421D3545E70005FBF8 /* calculatorUITests */ = {
			isa = PBXNativeTarget;
			buildConfigurationList = D75F2B521D3545E70005FBF8 /* Build configuration list for PBXNativeTarget "calculatorUITests" */;
			buildPhases = (
				D75F2B3F1D3545E70005FBF8 /* Sources */,
				D75F2B401D3545E70005FBF8 /* Frameworks */,
				D75F2B411D3545E70005FBF8 /* Resources */,
			);
			buildRules = (
			);
			dependencies = (
				D75F2B451D3545E70005FBF8 /* PBXTargetDependency */,
			);
			name = calculatorUITests;
			productName = calculatorUITests;
			productReference = D75F2B431D3545E70005FBF8 /* calculatorUITests.xctest */;
			productType = "com.apple.product-type.bundle.ui-testing";
		};
/* End PBXNativeTarget section */

/* Begin PBXProject section */
		D75F2B1C1D3545E70005FBF8 /* Project object */ = {
			isa = PBXProject;
			attributes = {
				LastSwiftUpdateCheck = 0730;
				LastUpgradeCheck = 0730;
				ORGANIZATIONNAME = "Emagination Camper";
				TargetAttributes = {
					D75F2B231D3545E70005FBF8 = {
						CreatedOnToolsVersion = 7.3.1;
					};
					D75F2B371D3545E70005FBF8 = {
						CreatedOnToolsVersion = 7.3.1;
						TestTargetID = D75F2B231D3545E70005FBF8;
					};
					D75F2B421D3545E70005FBF8 = {
						CreatedOnToolsVersion = 7.3.1;
						TestTargetID = D75F2B231D3545E70005FBF8;
					};
				};
			};
			buildConfigurationList = D75F2B1F1D3545E70005FBF8 /* Build configuration list for PBXProject "calculator" */;
			compatibilityVersion = "Xcode 3.2";
			developmentRegion = English;
			hasScannedForEncodings = 0;
			knownRegions = (
				en,
				Base,
			);
			mainGroup = D75F2B1B1D3545E70005FBF8;
			productRefGroup = D75F2B251D3545E70005FBF8 /* Products */;
			projectDirPath = "";
			projectRoot = "";
			targets = (
				D75F2B231D3545E70005FBF8 /* calculator */,
				D75F2B371D3545E70005FBF8 /* calculatorTests */,
				D75F2B421D3545E70005FBF8 /* calculatorUITests */,
			);
		};
/* End PBXProject section */

/* Begin PBXResourcesBuildPhase section */
		D75F2B221D3545E70005FBF8 /* Resources */ = {
			isa = PBXResourcesBuildPhase;
			buildActionMask = 2147483647;
			files = (
				D7803EF21D37DE9D0099B6FB /* 0.mp3 in Resources */,
				D709C14E1D41212A00B083EB /* 3.mp3 in Resources */,
				D75F2B321D3545E70005FBF8 /* LaunchScreen.storyboard in Resources */,
				D75F2B2F1D3545E70005FBF8 /* Assets.xcassets in Resources */,
				D7EE4D9A1D3FC83500761EDA /* 2.mp3 in Resources */,
				D7803EF31D37DE9D0099B6FB /* 1.mp3 in Resources */,
				D75F2B2D1D3545E70005FBF8 /* Main.storyboard in Resources */,
			);
			runOnlyForDeploymentPostprocessing = 0;
		};
		D75F2B361D3545E70005FBF8 /* Resources */ = {
			isa = PBXResourcesBuildPhase;
			buildActionMask = 2147483647;
			files = (
			);
			runOnlyForDeploymentPostprocessing = 0;
		};
		D75F2B411D3545E70005FBF8 /* Resources */ = {
			isa = PBXResourcesBuildPhase;
			buildActionMask = 2147483647;
			files = (
			);
			runOnlyForDeploymentPostprocessing = 0;
		};
/* End PBXResourcesBuildPhase section */

/* Begin PBXSourcesBuildPhase section */
		D75F2B201D3545E70005FBF8 /* Sources */ = {
			isa = PBXSourcesBuildPhase;
			buildActionMask = 2147483647;
			files = (
				D75F2B2A1D3545E70005FBF8 /* ViewController.swift in Sources */,
				D75F2B281D3545E70005FBF8 /* AppDelegate.swift in Sources */,
			);
			runOnlyForDeploymentPostprocessing = 0;
		};
		D75F2B341D3545E70005FBF8 /* Sources */ = {
			isa = PBXSourcesBuildPhase;
			buildActionMask = 2147483647;
			files = (
				D75F2B3D1D3545E70005FBF8 /* calculatorTests.swift in Sources */,
			);
			runOnlyForDeploymentPostprocessing = 0;
		};
		D75F2B3F1D3545E70005FBF8 /* Sources */ = {
			isa = PBXSourcesBuildPhase;
			buildActionMask = 2147483647;
			files = (
				D75F2B481D3545E70005FBF8 /* calculatorUITests.swift in Sources */,
			);
			runOnlyForDeploymentPostprocessing = 0;
		};
/* End PBXSourcesBuildPhase section */

/* Begin PBXTargetDependency section */
		D75F2B3A1D3545E70005FBF8 /* PBXTargetDependency */ = {
			isa = PBXTargetDependency;
			target = D75F2B231D3545E70005FBF8 /* calculator */;
			targetProxy = D75F2B391D3545E70005FBF8 /* PBXContainerItemProxy */;
		};
		D75F2B451D3545E70005FBF8 /* PBXTargetDependency */ = {
			isa = PBXTargetDependency;
			target = D75F2B231D3545E70005FBF8 /* calculator */;
			targetProxy = D75F2B441D3545E70005FBF8 /* PBXContainerItemProxy */;
		};
/* End PBXTargetDependency section */

/* Begin PBXVariantGroup section */
		D75F2B2B1D3545E70005FBF8 /* Main.storyboard */ = {
			isa = PBXVariantGroup;
			children = (
				D75F2B2C1D3545E70005FBF8 /* Base */,
			);
			name = Main.storyboard;
			sourceTree = "<group>";
		};
		D75F2B301D3545E70005FBF8 /* LaunchScreen.storyboard */ = {
			isa = PBXVariantGroup;
			children = (
				D75F2B311D3545E70005FBF8 /* Base */,
			);
			name = LaunchScreen.storyboard;
			sourceTree = "<group>";
		};
/* End PBXVariantGroup section */

/* Begin XCBuildConfiguration section */
		D75F2B4A1D3545E70005FBF8 /* Debug */ = {
			isa = XCBuildConfiguration;
			buildSettings = {
				ALWAYS_SEARCH_USER_PATHS = NO;
				CLANG_ANALYZER_NONNULL = YES;
				CLANG_CXX_LANGUAGE_STANDARD = "gnu++0x";
				CLANG_CXX_LIBRARY = "libc++";
				CLANG_ENABLE_MODULES = YES;
				CLANG_ENABLE_OBJC_ARC = YES;
				CLANG_WARN_BOOL_CONVERSION = YES;
				CLANG_WARN_CONSTANT_CONVERSION = YES;
				CLANG_WARN_DIRECT_OBJC_ISA_USAGE = YES_ERROR;
				CLANG_WARN_EMPTY_BODY = YES;
				CLANG_WARN_ENUM_CONVERSION = YES;
				CLANG_WARN_INT_CONVERSION = YES;
				CLANG_WARN_OBJC_ROOT_CLASS = YES_ERROR;
				CLANG_WARN_UNREACHABLE_CODE = YES;
				CLANG_WARN__DUPLICATE_METHOD_MATCH = YES;
				"CODE_SIGN_IDENTITY[sdk=iphoneos*]" = "iPhone Developer";
				COPY_PHASE_STRIP = NO;
				DEBUG_INFORMATION_FORMAT = dwarf;
				ENABLE_STRICT_OBJC_MSGSEND = YES;
				ENABLE_TESTABILITY = YES;
				GCC_C_LANGUAGE_STANDARD = gnu99;
				GCC_DYNAMIC_NO_PIC = NO;
				GCC_NO_COMMON_BLOCKS = YES;
				GCC_OPTIMIZATION_LEVEL = 0;
				GCC_PREPROCESSOR_DEFINITIONS = (
					"DEBUG=1",
					"$(inherited)",
				);
				GCC_WARN_64_TO_32_BIT_CONVERSION = YES;
				GCC_WARN_ABOUT_RETURN_TYPE = YES_ERROR;
				GCC_WARN_UNDECLARED_SELECTOR = YES;
				GCC_WARN_UNINITIALIZED_AUTOS = YES_AGGRESSIVE;
				GCC_WARN_UNUSED_FUNCTION = YES;
				GCC_WARN_UNUSED_VARIABLE = YES;
				IPHONEOS_DEPLOYMENT_TARGET = 9.3;
				MTL_ENABLE_DEBUG_INFO = YES;
				ONLY_ACTIVE_ARCH = YES;
				SDKROOT = iphoneos;
				SWIFT_OPTIMIZATION_LEVEL = "-Onone";
				TARGETED_DEVICE_FAMILY = "1,2";
			};
			name = Debug;
		};
		D75F2B4B1D3545E70005FBF8 /* Release */ = {
			isa = XCBuildConfiguration;
			buildSettings = {
				ALWAYS_SEARCH_USER_PATHS = NO;
				CLANG_ANALYZER_NONNULL = YES;
				CLANG_CXX_LANGUAGE_STANDARD = "gnu++0x";
				CLANG_CXX_LIBRARY = "libc++";
				CLANG_ENABLE_MODULES = YES;
				CLANG_ENABLE_OBJC_ARC = YES;
				CLANG_WARN_BOOL_CONVERSION = YES;
				CLANG_WARN_CONSTANT_CONVERSION = YES;
				CLANG_WARN_DIRECT_OBJC_ISA_USAGE = YES_ERROR;
				CLANG_WARN_EMPTY_BODY = YES;
				CLANG_WARN_ENUM_CONVERSION = YES;
				CLANG_WARN_INT_CONVERSION = YES;
				CLANG_WARN_OBJC_ROOT_CLASS = YES_ERROR;
				CLANG_WARN_UNREACHABLE_CODE = YES;
				CLANG_WARN__DUPLICATE_METHOD_MATCH = YES;
				"CODE_SIGN_IDENTITY[sdk=iphoneos*]" = "iPhone Developer";
				COPY_PHASE_STRIP = NO;
				DEBUG_INFORMATION_FORMAT = "dwarf-with-dsym";
				ENABLE_NS_ASSERTIONS = NO;
				ENABLE_STRICT_OBJC_MSGSEND = YES;
				GCC_C_LANGUAGE_STANDARD = gnu99;
				GCC_NO_COMMON_BLOCKS = YES;
				GCC_WARN_64_TO_32_BIT_CONVERSION = YES;
				GCC_WARN_ABOUT_RETURN_TYPE = YES_ERROR;
				GCC_WARN_UNDECLARED_SELECTOR = YES;
				GCC_WARN_UNINITIALIZED_AUTOS = YES_AGGRESSIVE;
				GCC_WARN_UNUSED_FUNCTION = YES;
				GCC_WARN_UNUSED_VARIABLE = YES;
				IPHONEOS_DEPLOYMENT_TARGET = 9.3;
				MTL_ENABLE_DEBUG_INFO = NO;
				SDKROOT = iphoneos;
				TARGETED_DEVICE_FAMILY = "1,2";
				VALIDATE_PRODUCT = YES;
			};
			name = Release;
		};
		D75F2B4D1D3545E70005FBF8 /* Debug */ = {
			isa = XCBuildConfiguration;
			buildSettings = {
				ASSETCATALOG_COMPILER_APPICON_NAME = AppIcon;
				INFOPLIST_FILE = calculator/Info.plist;
				LD_RUNPATH_SEARCH_PATHS = "$(inherited) @executable_path/Frameworks";
				PRODUCT_BUNDLE_IDENTIFIER = v.calculator;
				PRODUCT_NAME = "$(TARGET_NAME)";
			};
			name = Debug;
		};
		D75F2B4E1D3545E70005FBF8 /* Release */ = {
			isa = XCBuildConfiguration;
			buildSettings = {
				ASSETCATALOG_COMPILER_APPICON_NAME = AppIcon;
				INFOPLIST_FILE = calculator/Info.plist;
				LD_RUNPATH_SEARCH_PATHS = "$(inherited) @executable_path/Frameworks";
				PRODUCT_BUNDLE_IDENTIFIER = v.calculator;
				PRODUCT_NAME = "$(TARGET_NAME)";
			};
			name = Release;
		};
		D75F2B501D3545E70005FBF8 /* Debug */ = {
			isa = XCBuildConfiguration;
			buildSettings = {
				BUNDLE_LOADER = "$(TEST_HOST)";
				INFOPLIST_FILE = calculatorTests/Info.plist;
				LD_RUNPATH_SEARCH_PATHS = "$(inherited) @executable_path/Frameworks @loader_path/Frameworks";
				PRODUCT_BUNDLE_IDENTIFIER = v.calculatorTests;
				PRODUCT_NAME = "$(TARGET_NAME)";
				TEST_HOST = "$(BUILT_PRODUCTS_DIR)/calculator.app/calculator";
			};
			name = Debug;
		};
		D75F2B511D3545E70005FBF8 /* Release */ = {
			isa = XCBuildConfiguration;
			buildSettings = {
				BUNDLE_LOADER = "$(TEST_HOST)";
				INFOPLIST_FILE = calculatorTests/Info.plist;
				LD_RUNPATH_SEARCH_PATHS = "$(inherited) @executable_path/Frameworks @loader_path/Frameworks";
				PRODUCT_BUNDLE_IDENTIFIER = v.calculatorTests;
				PRODUCT_NAME = "$(TARGET_NAME)";
				TEST_HOST = "$(BUILT_PRODUCTS_DIR)/calculator.app/calculator";
			};
			name = Release;
		};
		D75F2B531D3545E70005FBF8 /* Debug */ = {
			isa = XCBuildConfiguration;
			buildSettings = {
				INFOPLIST_FILE = calculatorUITests/Info.plist;
				LD_RUNPATH_SEARCH_PATHS = "$(inherited) @executable_path/Frameworks @loader_path/Frameworks";
				PRODUCT_BUNDLE_IDENTIFIER = v.calculatorUITests;
				PRODUCT_NAME = "$(TARGET_NAME)";
				TEST_TARGET_NAME = calculator;
			};
			name = Debug;
		};
		D75F2B541D3545E70005FBF8 /* Release */ = {
			isa = XCBuildConfiguration;
			buildSettings = {
				INFOPLIST_FILE = calculatorUITests/Info.plist;
				LD_RUNPATH_SEARCH_PATHS = "$(inherited) @executable_path/Frameworks @loader_path/Frameworks";
				PRODUCT_BUNDLE_IDENTIFIER = v.calculatorUITests;
				PRODUCT_NAME = "$(TARGET_NAME)";
				TEST_TARGET_NAME = calculator;
			};
			name = Release;
		};
/* End XCBuildConfiguration section */

/* Begin XCConfigurationList section */
		D75F2B1F1D3545E70005FBF8 /* Build configuration list for PBXProject "calculator" */ = {
			isa = XCConfigurationList;
			buildConfigurations = (
				D75F2B4A1D3545E70005FBF8 /* Debug */,
				D75F2B4B1D3545E70005FBF8 /* Release */,
			);
			defaultConfigurationIsVisible = 0;
			defaultConfigurationName = Release;
		};
		D75F2B4C1D3545E70005FBF8 /* Build configuration list for PBXNativeTarget "calculator" */ = {
			isa = XCConfigurationList;
			buildConfigurations = (
				D75F2B4D1D3545E70005FBF8 /* Debug */,
				D75F2B4E1D3545E70005FBF8 /* Release */,
			);
			defaultConfigurationIsVisible = 0;
			defaultConfigurationName = Release;
		};
		D75F2B4F1D3545E70005FBF8 /* Build configuration list for PBXNativeTarget "calculatorTests" */ = {
			isa = XCConfigurationList;
			buildConfigurations = (
				D75F2B501D3545E70005FBF8 /* Debug */,
				D75F2B511D3545E70005FBF8 /* Release */,
			);
			defaultConfigurationIsVisible = 0;
			defaultConfigurationName = Release;
		};
		D75F2B521D3545E70005FBF8 /* Build configuration list for PBXNativeTarget "calculatorUITests" */ = {
			isa = XCConfigurationList;
			buildConfigurations = (
				D75F2B531D3545E70005FBF8 /* Debug */,
				D75F2B541D3545E70005FBF8 /* Release */,
			);
			defaultConfigurationIsVisible = 0;
			defaultConfigurationName = Release;
		};
/* End XCConfigurationList section */
	};
	rootObject = D75F2B1C1D3545E70005FBF8 /* Project object */;
}
